
Microsoft Visual Studio Solution File, Format Version 12.00
# Visual Studio Version 17
VisualStudioVersion = 17.9.34616.47
MinimumVisualStudioVersion = 10.0.40219.1
Project("{9A19103F-16F7-4668-BE54-9A1E7A4F7556}") = "PlatformService", "PlatformService\PlatformService.csproj", "{6CF1079C-5E15-4FB7-8E0D-7DD685ACCD2F}"
EndProject
Project("{2150E333-8FDC-42A3-9474-1A3956D46DE8}") = "K8S", "K8S", "{F25F0464-DB2D-4193-9295-097CC5455BB1}"
	ProjectSection(SolutionItems) = preProject
		platform-depl.yaml = platform-depl.yaml
	EndProjectSection
EndProject
Global
	GlobalSection(SolutionConfigurationPlatforms) = preSolution
		Debug|Any CPU = Debug|Any CPU
		Release|Any CPU = Release|Any CPU
	EndGlobalSection
	GlobalSection(ProjectConfigurationPlatforms) = postSolution
		{6CF1079C-5E15-4FB7-8E0D-7DD685ACCD2F}.Debug|Any CPU.ActiveCfg = Debug|Any CPU
		{6CF1079C-5E15-4FB7-8E0D-7DD685ACCD2F}.Debug|Any CPU.Build.0 = Debug|Any CPU
		{6CF1079C-5E15-4FB7-8E0D-7DD685ACCD2F}.Release|Any CPU.ActiveCfg = Release|Any CPU
		{6CF1079C-5E15-4FB7-8E0D-7DD685ACCD2F}.Release|Any CPU.Build.0 = Release|Any CPU
	EndGlobalSection
	GlobalSection(SolutionProperties) = preSolution
		HideSolutionNode = FALSE
	EndGlobalSection
	GlobalSection(ExtensibilityGlobals) = postSolution
		SolutionGuid = {2F00D908-1309-47DF-A903-CAFE66B03284}
	EndGlobalSection
EndGlobal
